
Microsoft Visual Studio Solution File, Format Version 11.00
# Visual Studio 2010
Project("{FAE04EC0-301F-11D3-BF4B-00C04F79EFBC}") = "Pinyin4net", "Pinyin4net\Pinyin4net.csproj", "{126A4885-0CD7-4D9F-B039-3CF235F3C9E4}"
EndProject
Project("{FAE04EC0-301F-11D3-BF4B-00C04F79EFBC}") = "Pinyin4netTest", "Pinyin4netTest\Pinyin4netTest.csproj", "{15C612DD-DB7C-4905-9786-71B1E6A94007}"
EndProject
Global
	GlobalSection(SolutionConfigurationPlatforms) = preSolution
		Debug|Any CPU = Debug|Any CPU
		Release|Any CPU = Release|Any CPU
	EndGlobalSection
	GlobalSection(ProjectConfigurationPlatforms) = postSolution
		{126A4885-0CD7-4D9F-B039-3CF235F3C9E4}.Debug|Any CPU.ActiveCfg = Debug|Any CPU
		{126A4885-0CD7-4D9F-B039-3CF235F3C9E4}.Debug|Any CPU.Build.0 = Debug|Any CPU
		{126A4885-0CD7-4D9F-B039-3CF235F3C9E4}.Release|Any CPU.ActiveCfg = Release|Any CPU
		{126A4885-0CD7-4D9F-B039-3CF235F3C9E4}.Release|Any CPU.Build.0 = Release|Any CPU
		{15C612DD-DB7C-4905-9786-71B1E6A94007}.Debug|Any CPU.ActiveCfg = Debug|Any CPU
		{15C612DD-DB7C-4905-9786-71B1E6A94007}.Debug|Any CPU.Build.0 = Debug|Any CPU
		{15C612DD-DB7C-4905-9786-71B1E6A94007}.Release|Any CPU.ActiveCfg = Release|Any CPU
		{15C612DD-DB7C-4905-9786-71B1E6A94007}.Release|Any CPU.Build.0 = Release|Any CPU
	EndGlobalSection
	GlobalSection(SolutionProperties) = preSolution
		HideSolutionNode = FALSE
	EndGlobalSection
EndGlobal
